// !$*UTF8*$!
{
	archiveVersion = 1;
	classes = {
	};
	objectVersion = 60;
	objects = {

/* Begin PBXBuildFile section */
		A2CFB5802C22CDA400DB73B8 /* AppDelegate.m in Sources */ = {isa = PBXBuildFile; fileRef = A2CFB57F2C22CDA400DB73B8 /* AppDelegate.m */; };
		A2CFB5832C22CDA400DB73B8 /* SceneDelegate.m in Sources */ = {isa = PBXBuildFile; fileRef = A2CFB5822C22CDA400DB73B8 /* SceneDelegate.m */; };
		A2CFB5862C22CDA400DB73B8 /* ViewController.m in Sources */ = {isa = PBXBuildFile; fileRef = A2CFB5852C22CDA400DB73B8 /* ViewController.m */; };
		A2CFB5892C22CDA400DB73B8 /* Base in Resources */ = {isa = PBXBuildFile; fileRef = A2CFB5882C22CDA400DB73B8 /* Base */; };
		A2CFB58B2C22CDA600DB73B8 /* Assets.xcassets in Resources */ = {isa = PBXBuildFile; fileRef = A2CFB58A2C22CDA600DB73B8 /* Assets.xcassets */; };
		A2CFB58E2C22CDA600DB73B8 /* Base in Resources */ = {isa = PBXBuildFile; fileRef = A2CFB58D2C22CDA600DB73B8 /* Base */; };
		A2CFB5912C22CDA600DB73B8 /* main.m in Sources */ = {isa = PBXBuildFile; fileRef = A2CFB5902C22CDA600DB73B8 /* main.m */; };
		A2CFB5BA2C23CEF200DB73B8 /* App.xcframework in Frameworks */ = {isa = PBXBuildFile; fileRef = A2CFB5B52C23CED800DB73B8 /* App.xcframework */; };
		A2CFB5BB2C23CEF200DB73B8 /* App.xcframework in Embed Frameworks */ = {isa = PBXBuildFile; fileRef = A2CFB5B52C23CED800DB73B8 /* App.xcframework */; settings = {ATTRIBUTES = (CodeSignOnCopy, RemoveHeadersOnCopy, ); }; };
		A2CFB5BD2C23CEF500DB73B8 /* Flutter.xcframework in Frameworks */ = {isa = PBXBuildFile; fileRef = A2CFB5B62C23CED800DB73B8 /* Flutter.xcframework */; };
		A2CFB5BE2C23CEF500DB73B8 /* Flutter.xcframework in Embed Frameworks */ = {isa = PBXBuildFile; fileRef = A2CFB5B62C23CED800DB73B8 /* Flutter.xcframework */; settings = {ATTRIBUTES = (CodeSignOnCopy, RemoveHeadersOnCopy, ); }; };
/* End PBXBuildFile section */

/* Begin PBXCopyFilesBuildPhase section */
		A2CFB5BC2C23CEF200DB73B8 /* Embed Frameworks */ = {
			isa = PBXCopyFilesBuildPhase;
			buildActionMask = 2147483647;
			dstPath = "";
			dstSubfolderSpec = 10;
			files = (
				A2CFB5BE2C23CEF500DB73B8 /* Flutter.xcframework in Embed Frameworks */,
				A2CFB5BB2C23CEF200DB73B8 /* App.xcframework in Embed Frameworks */,
			);
			name = "Embed Frameworks";
			runOnlyForDeploymentPostprocessing = 0;
		};
/* End PBXCopyFilesBuildPhase section */

/* Begin PBXFileReference section */
		A2CFB57B2C22CDA400DB73B8 /* TestFlutter.app */ = {isa = PBXFileReference; explicitFileType = wrapper.application; includeInIndex = 0; path = TestFlutter.app; sourceTree = BUILT_PRODUCTS_DIR; };
		A2CFB57E2C22CDA400DB73B8 /* AppDelegate.h */ = {isa = PBXFileReference; lastKnownFileType = sourcecode.c.h; path = AppDelegate.h; sourceTree = "<group>"; };
		A2CFB57F2C22CDA400DB73B8 /* AppDelegate.m */ = {isa = PBXFileReference; lastKnownFileType = sourcecode.c.objc; path = AppDelegate.m; sourceTree = "<group>"; };
		A2CFB5812C22CDA400DB73B8 /* SceneDelegate.h */ = {isa = PBXFileReference; lastKnownFileType = sourcecode.c.h; path = SceneDelegate.h; sourceTree = "<group>"; };
		A2CFB5822C22CDA400DB73B8 /* SceneDelegate.m */ = {isa = PBXFileReference; lastKnownFileType = sourcecode.c.objc; path = SceneDelegate.m; sourceTree = "<group>"; };
		A2CFB5842C22CDA400DB73B8 /* ViewController.h */ = {isa = PBXFileReference; lastKnownFileType = sourcecode.c.h; path = ViewController.h; sourceTree = "<group>"; };
		A2CFB5852C22CDA400DB73B8 /* ViewController.m */ = {isa = PBXFileReference; lastKnownFileType = sourcecode.c.objc; path = ViewController.m; sourceTree = "<group>"; };
		A2CFB5882C22CDA400DB73B8 /* Base */ = {isa = PBXFileReference; lastKnownFileType = file.storyboard; name = Base; path = Base.lproj/Main.storyboard; sourceTree = "<group>"; };
		A2CFB58A2C22CDA600DB73B8 /* Assets.xcassets */ = {isa = PBXFileReference; lastKnownFileType = folder.assetcatalog; path = Assets.xcassets; sourceTree = "<group>"; };
		A2CFB58D2C22CDA600DB73B8 /* Base */ = {isa = PBXFileReference; lastKnownFileType = file.storyboard; name = Base; path = Base.lproj/LaunchScreen.storyboard; sourceTree = "<group>"; };
		A2CFB58F2C22CDA600DB73B8 /* Info.plist */ = {isa = PBXFileReference; lastKnownFileType = text.plist.xml; path = Info.plist; sourceTree = "<group>"; };
		A2CFB5902C22CDA600DB73B8 /* main.m */ = {isa = PBXFileReference; lastKnownFileType = sourcecode.c.objc; path = main.m; sourceTree = "<group>"; };
		A2CFB5B52C23CED800DB73B8 /* App.xcframework */ = {isa = PBXFileReference; lastKnownFileType = wrapper.xcframework; path = App.xcframework; sourceTree = "<group>"; };
		A2CFB5B62C23CED800DB73B8 /* Flutter.xcframework */ = {isa = PBXFileReference; expectedSignature = "AppleDeveloperProgram:S8QB4VV633:FLUTTER.IO LLC"; lastKnownFileType = wrapper.xcframework; path = Flutter.xcframework; sourceTree = "<group>"; };
/* End PBXFileReference section */

/* Begin PBXFrameworksBuildPhase section */
		A2CFB5782C22CDA400DB73B8 /* Frameworks */ = {
			isa = PBXFrameworksBuildPhase;
			buildActionMask = 2147483647;
			files = (
				A2CFB5BD2C23CEF500DB73B8 /* Flutter.xcframework in Frameworks */,
				A2CFB5BA2C23CEF200DB73B8 /* App.xcframework in Frameworks */,
			);
			runOnlyForDeploymentPostprocessing = 0;
		};
/* End PBXFrameworksBuildPhase section */

/* Begin PBXGroup section */
		A2CFB5722C22CDA400DB73B8 = {
			isa = PBXGroup;
			children = (
				A2CFB57D2C22CDA400DB73B8 /* TestFlutter */,
				A2CFB57C2C22CDA400DB73B8 /* Products */,
			);
			sourceTree = "<group>";
		};
		A2CFB57C2C22CDA400DB73B8 /* Products */ = {
			isa = PBXGroup;
			children = (
				A2CFB57B2C22CDA400DB73B8 /* TestFlutter.app */,
			);
			name = Products;
			sourceTree = "<group>";
		};
		A2CFB57D2C22CDA400DB73B8 /* TestFlutter */ = {
			isa = PBXGroup;
			children = (
				A2CFB5B72C23CED800DB73B8 /* Debug */,
				A2CFB57E2C22CDA400DB73B8 /* AppDelegate.h */,
				A2CFB57F2C22CDA400DB73B8 /* AppDelegate.m */,
				A2CFB5812C22CDA400DB73B8 /* SceneDelegate.h */,
				A2CFB5822C22CDA400DB73B8 /* SceneDelegate.m */,
				A2CFB5842C22CDA400DB73B8 /* ViewController.h */,
				A2CFB5852C22CDA400DB73B8 /* ViewController.m */,
				A2CFB5872C22CDA400DB73B8 /* Main.storyboard */,
				A2CFB58A2C22CDA600DB73B8 /* Assets.xcassets */,
				A2CFB58C2C22CDA600DB73B8 /* LaunchScreen.storyboard */,
				A2CFB58F2C22CDA600DB73B8 /* Info.plist */,
				A2CFB5902C22CDA600DB73B8 /* main.m */,
			);
			path = TestFlutter;
			sourceTree = "<group>";
		};
		A2CFB5B72C23CED800DB73B8 /* Debug */ = {
			isa = PBXGroup;
			children = (
				A2CFB5B52C23CED800DB73B8 /* App.xcframework */,
				A2CFB5B62C23CED800DB73B8 /* Flutter.xcframework */,
			);
			path = Debug;
			sourceTree = "<group>";
		};
/* End PBXGroup section */

/* Begin PBXNativeTarget section */
		A2CFB57A2C22CDA400DB73B8 /* TestFlutter */ = {
			isa = PBXNativeTarget;
			buildConfigurationList = A2CFB5942C22CDA600DB73B8 /* Build configuration list for PBXNativeTarget "TestFlutter" */;
			buildPhases = (
				A2CFB5772C22CDA400DB73B8 /* Sources */,
				A2CFB5782C22CDA400DB73B8 /* Frameworks */,
				A2CFB5792C22CDA400DB73B8 /* Resources */,
				A2CFB5BC2C23CEF200DB73B8 /* Embed Frameworks */,
			);
			buildRules = (
			);
			dependencies = (
			);
			name = TestFlutter;
			productName = TestFlutter;
			productReference = A2CFB57B2C22CDA400DB73B8 /* TestFlutter.app */;
			productType = "com.apple.product-type.application";
		};
/* End PBXNativeTarget section */

/* Begin PBXProject section */
		A2CFB5732C22CDA400DB73B8 /* Project object */ = {
			isa = PBXProject;
			attributes = {
				BuildIndependentTargetsInParallel = 1;
				LastUpgradeCheck = 1540;
				TargetAttributes = {
					A2CFB57A2C22CDA400DB73B8 = {
						CreatedOnToolsVersion = 15.4;
					};
				};
			};
			buildConfigurationList = A2CFB5762C22CDA400DB73B8 /* Build configuration list for PBXProject "TestFlutter" */;
			compatibilityVersion = "Xcode 14.0";
			developmentRegion = en;
			hasScannedForEncodings = 0;
			knownRegions = (
				en,
				Base,
			);
			mainGroup = A2CFB5722C22CDA400DB73B8;
			productRefGroup = A2CFB57C2C22CDA400DB73B8 /* Products */;
			projectDirPath = "";
			projectRoot = "";
			targets = (
				A2CFB57A2C22CDA400DB73B8 /* TestFlutter */,
			);
		};
/* End PBXProject section */

/* Begin PBXResourcesBuildPhase section */
		A2CFB5792C22CDA400DB73B8 /* Resources */ = {
			isa = PBXResourcesBuildPhase;
			buildActionMask = 2147483647;
			files = (
				A2CFB58B2C22CDA600DB73B8 /* Assets.xcassets in Resources */,
				A2CFB58E2C22CDA600DB73B8 /* Base in Resources */,
				A2CFB5892C22CDA400DB73B8 /* Base in Resources */,
			);
			runOnlyForDeploymentPostprocessing = 0;
		};
/* End PBXResourcesBuildPhase section */

/* Begin PBXSourcesBuildPhase section */
		A2CFB5772C22CDA400DB73B8 /* Sources */ = {
			isa = PBXSourcesBuildPhase;
			buildActionMask = 2147483647;
			files = (
				A2CFB5862C22CDA400DB73B8 /* ViewController.m in Sources */,
				A2CFB5802C22CDA400DB73B8 /* AppDelegate.m in Sources */,
				A2CFB5912C22CDA600DB73B8 /* main.m in Sources */,
				A2CFB5832C22CDA400DB73B8 /* SceneDelegate.m in Sources */,
			);
			runOnlyForDeploymentPostprocessing = 0;
		};
/* End PBXSourcesBuildPhase section */

/* Begin PBXVariantGroup section */
		A2CFB5872C22CDA400DB73B8 /* Main.storyboard */ = {
			isa = PBXVariantGroup;
			children = (
				A2CFB5882C22CDA400DB73B8 /* Base */,
			);
			name = Main.storyboard;
			sourceTree = "<group>";
		};
		A2CFB58C2C22CDA600DB73B8 /* LaunchScreen.storyboard */ = {
			isa = PBXVariantGroup;
			children = (
				A2CFB58D2C22CDA600DB73B8 /* Base */,
			);
			name = LaunchScreen.storyboard;
			sourceTree = "<group>";
		};
/* End PBXVariantGroup section */

/* Begin XCBuildConfiguration section */
		A2CFB5922C22CDA600DB73B8 /* Debug */ = {
			isa = XCBuildConfiguration;
			buildSettings = {
				ALWAYS_SEARCH_USER_PATHS = NO;
				ASSETCATALOG_COMPILER_GENERATE_SWIFT_ASSET_SYMBOL_EXTENSIONS = YES;
				CLANG_ANALYZER_NONNULL = YES;
				CLANG_ANALYZER_NUMBER_OBJECT_CONVERSION = YES_AGGRESSIVE;
				CLANG_CXX_LANGUAGE_STANDARD = "gnu++20";
				CLANG_ENABLE_MODULES = YES;
				CLANG_ENABLE_OBJC_ARC = YES;
				CLANG_ENABLE_OBJC_WEAK = YES;
				CLANG_WARN_BLOCK_CAPTURE_AUTORELEASING = YES;
				CLANG_WARN_BOOL_CONVERSION = YES;
				CLANG_WARN_COMMA = YES;
				CLANG_WARN_CONSTANT_CONVERSION = YES;
				CLANG_WARN_DEPRECATED_OBJC_IMPLEMENTATIONS = YES;
				CLANG_WARN_DIRECT_OBJC_ISA_USAGE = YES_ERROR;
				CLANG_WARN_DOCUMENTATION_COMMENTS = YES;
				CLANG_WARN_EMPTY_BODY = YES;
				CLANG_WARN_ENUM_CONVERSION = YES;
				CLANG_WARN_INFINITE_RECURSION = YES;
				CLANG_WARN_INT_CONVERSION = YES;
				CLANG_WARN_NON_LITERAL_NULL_CONVERSION = YES;
				CLANG_WARN_OBJC_IMPLICIT_RETAIN_SELF = YES;
				CLANG_WARN_OBJC_LITERAL_CONVERSION = YES;
				CLANG_WARN_OBJC_ROOT_CLASS = YES_ERROR;
				CLANG_WARN_QUOTED_INCLUDE_IN_FRAMEWORK_HEADER = YES;
				CLANG_WARN_RANGE_LOOP_ANALYSIS = YES;
				CLANG_WARN_STRICT_PROTOTYPES = YES;
				CLANG_WARN_SUSPICIOUS_MOVE = YES;
				CLANG_WARN_UNGUARDED_AVAILABILITY = YES_AGGRESSIVE;
				CLANG_WARN_UNREACHABLE_CODE = YES;
				CLANG_WARN__DUPLICATE_METHOD_MATCH = YES;
				COPY_PHASE_STRIP = NO;
				DEBUG_INFORMATION_FORMAT = dwarf;
				ENABLE_STRICT_OBJC_MSGSEND = YES;
				ENABLE_TESTABILITY = YES;
				ENABLE_USER_SCRIPT_SANDBOXING = YES;
				GCC_C_LANGUAGE_STANDARD = gnu17;
				GCC_DYNAMIC_NO_PIC = NO;
				GCC_NO_COMMON_BLOCKS = YES;
				GCC_OPTIMIZATION_LEVEL = 0;
				GCC_PREPROCESSOR_DEFINITIONS = (
					"DEBUG=1",
					"$(inherited)",
				);
				GCC_WARN_64_TO_32_BIT_CONVERSION = YES;
				GCC_WARN_ABOUT_RETURN_TYPE = YES_ERROR;
				GCC_WARN_UNDECLARED_SELECTOR = YES;
				GCC_WARN_UNINITIALIZED_AUTOS = YES_AGGRESSIVE;
				GCC_WARN_UNUSED_FUNCTION = YES;
				GCC_WARN_UNUSED_VARIABLE = YES;
				IPHONEOS_DEPLOYMENT_TARGET = 17.5;
				LOCALIZATION_PREFERS_STRING_CATALOGS = YES;
				MTL_ENABLE_DEBUG_INFO = INCLUDE_SOURCE;
				MTL_FAST_MATH = YES;
				ONLY_ACTIVE_ARCH = YES;
				SDKROOT = iphoneos;
			};
			name = Debug;
		};
		A2CFB5932C22CDA600DB73B8 /* Release */ = {
			isa = XCBuildConfiguration;
			buildSettings = {
				ALWAYS_SEARCH_USER_PATHS = NO;
				ASSETCATALOG_COMPILER_GENERATE_SWIFT_ASSET_SYMBOL_EXTENSIONS = YES;
				CLANG_ANALYZER_NONNULL = YES;
				CLANG_ANALYZER_NUMBER_OBJECT_CONVERSION = YES_AGGRESSIVE;
				CLANG_CXX_LANGUAGE_STANDARD = "gnu++20";
				CLANG_ENABLE_MODULES = YES;
				CLANG_ENABLE_OBJC_ARC = YES;
				CLANG_ENABLE_OBJC_WEAK = YES;
				CLANG_WARN_BLOCK_CAPTURE_AUTORELEASING = YES;
				CLANG_WARN_BOOL_CONVERSION = YES;
				CLANG_WARN_COMMA = YES;
				CLANG_WARN_CONSTANT_CONVERSION = YES;
				CLANG_WARN_DEPRECATED_OBJC_IMPLEMENTATIONS = YES;
				CLANG_WARN_DIRECT_OBJC_ISA_USAGE = YES_ERROR;
				CLANG_WARN_DOCUMENTATION_COMMENTS = YES;
				CLANG_WARN_EMPTY_BODY = YES;
				CLANG_WARN_ENUM_CONVERSION = YES;
				CLANG_WARN_INFINITE_RECURSION = YES;
				CLANG_WARN_INT_CONVERSION = YES;
				CLANG_WARN_NON_LITERAL_NULL_CONVERSION = YES;
				CLANG_WARN_OBJC_IMPLICIT_RETAIN_SELF = YES;
				CLANG_WARN_OBJC_LITERAL_CONVERSION = YES;
				CLANG_WARN_OBJC_ROOT_CLASS = YES_ERROR;
				CLANG_WARN_QUOTED_INCLUDE_IN_FRAMEWORK_HEADER = YES;
				CLANG_WARN_RANGE_LOOP_ANALYSIS = YES;
				CLANG_WARN_STRICT_PROTOTYPES = YES;
				CLANG_WARN_SUSPICIOUS_MOVE = YES;
				CLANG_WARN_UNGUARDED_AVAILABILITY = YES_AGGRESSIVE;
				CLANG_WARN_UNREACHABLE_CODE = YES;
				CLANG_WARN__DUPLICATE_METHOD_MATCH = YES;
				COPY_PHASE_STRIP = NO;
				DEBUG_INFORMATION_FORMAT = "dwarf-with-dsym";
				ENABLE_NS_ASSERTIONS = NO;
				ENABLE_STRICT_OBJC_MSGSEND = YES;
				ENABLE_USER_SCRIPT_SANDBOXING = YES;
				GCC_C_LANGUAGE_STANDARD = gnu17;
				GCC_NO_COMMON_BLOCKS = YES;
				GCC_WARN_64_TO_32_BIT_CONVERSION = YES;
				GCC_WARN_ABOUT_RETURN_TYPE = YES_ERROR;
				GCC_WARN_UNDECLARED_SELECTOR = YES;
				GCC_WARN_UNINITIALIZED_AUTOS = YES_AGGRESSIVE;
				GCC_WARN_UNUSED_FUNCTION = YES;
				GCC_WARN_UNUSED_VARIABLE = YES;
				IPHONEOS_DEPLOYMENT_TARGET = 17.5;
				LOCALIZATION_PREFERS_STRING_CATALOGS = YES;
				MTL_ENABLE_DEBUG_INFO = NO;
				MTL_FAST_MATH = YES;
				SDKROOT = iphoneos;
				VALIDATE_PRODUCT = YES;
			};
			name = Release;
		};
		A2CFB5952C22CDA600DB73B8 /* Debug */ = {
			isa = XCBuildConfiguration;
			buildSettings = {
				ASSETCATALOG_COMPILER_APPICON_NAME = AppIcon;
				ASSETCATALOG_COMPILER_GLOBAL_ACCENT_COLOR_NAME = AccentColor;
				CODE_SIGN_STYLE = Automatic;
				CURRENT_PROJECT_VERSION = 1;
				DEVELOPMENT_TEAM = HK56FS93AD;
				ENABLE_USER_SCRIPT_SANDBOXING = NO;
				GENERATE_INFOPLIST_FILE = YES;
				INFOPLIST_FILE = TestFlutter/Info.plist;
				INFOPLIST_KEY_UIApplicationSupportsIndirectInputEvents = YES;
				INFOPLIST_KEY_UILaunchStoryboardName = LaunchScreen;
				INFOPLIST_KEY_UIMainStoryboardFile = Main;
				INFOPLIST_KEY_UISupportedInterfaceOrientations_iPad = "UIInterfaceOrientationPortrait UIInterfaceOrientationPortraitUpsideDown UIInterfaceOrientationLandscapeLeft UIInterfaceOrientationLandscapeRight";
				INFOPLIST_KEY_UISupportedInterfaceOrientations_iPhone = "UIInterfaceOrientationPortrait UIInterfaceOrientationLandscapeLeft UIInterfaceOrientationLandscapeRight";
				IPHONEOS_DEPLOYMENT_TARGET = 15.5;
				LD_RUNPATH_SEARCH_PATHS = (
					"$(inherited)",
					"@executable_path/Frameworks",
				);
				MARKETING_VERSION = 1.0;
				PRODUCT_BUNDLE_IDENTIFIER = com.av.vvv.TestFlutter;
				PRODUCT_NAME = "$(TARGET_NAME)";
				SWIFT_EMIT_LOC_STRINGS = YES;
				TARGETED_DEVICE_FAMILY = "1,2";
			};
			name = Debug;
		};
		A2CFB5962C22CDA600DB73B8 /* Release */ = {
			isa = XCBuildConfiguration;
			buildSettings = {
				ASSETCATALOG_COMPILER_APPICON_NAME = AppIcon;
				ASSETCATALOG_COMPILER_GLOBAL_ACCENT_COLOR_NAME = AccentColor;
				CODE_SIGN_STYLE = Automatic;
				CURRENT_PROJECT_VERSION = 1;
				DEVELOPMENT_TEAM = HK56FS93AD;
				ENABLE_USER_SCRIPT_SANDBOXING = NO;
				GENERATE_INFOPLIST_FILE = YES;
				INFOPLIST_FILE = TestFlutter/Info.plist;
				INFOPLIST_KEY_UIApplicationSupportsIndirectInputEvents = YES;
				INFOPLIST_KEY_UILaunchStoryboardName = LaunchScreen;
				INFOPLIST_KEY_UIMainStoryboardFile = Main;
				INFOPLIST_KEY_UISupportedInterfaceOrientations_iPad = "UIInterfaceOrientationPortrait UIInterfaceOrientationPortraitUpsideDown UIInterfaceOrientationLandscapeLeft UIInterfaceOrientationLandscapeRight";
				INFOPLIST_KEY_UISupportedInterfaceOrientations_iPhone = "UIInterfaceOrientationPortrait UIInterfaceOrientationLandscapeLeft UIInterfaceOrientationLandscapeRight";
				IPHONEOS_DEPLOYMENT_TARGET = 15.5;
				LD_RUNPATH_SEARCH_PATHS = (
					"$(inherited)",
					"@executable_path/Frameworks",
				);
				MARKETING_VERSION = 1.0;
				PRODUCT_BUNDLE_IDENTIFIER = com.av.vvv.TestFlutter;
				PRODUCT_NAME = "$(TARGET_NAME)";
				SWIFT_EMIT_LOC_STRINGS = YES;
				TARGETED_DEVICE_FAMILY = "1,2";
			};
			name = Release;
		};
/* End XCBuildConfiguration section */

/* Begin XCConfigurationList section */
		A2CFB5762C22CDA400DB73B8 /* Build configuration list for PBXProject "TestFlutter" */ = {
			isa = XCConfigurationList;
			buildConfigurations = (
				A2CFB5922C22CDA600DB73B8 /* Debug */,
				A2CFB5932C22CDA600DB73B8 /* Release */,
			);
			defaultConfigurationIsVisible = 0;
			defaultConfigurationName = Release;
		};
		A2CFB5942C22CDA600DB73B8 /* Build configuration list for PBXNativeTarget "TestFlutter" */ = {
			isa = XCConfigurationList;
			buildConfigurations = (
				A2CFB5952C22CDA600DB73B8 /* Debug */,
				A2CFB5962C22CDA600DB73B8 /* Release */,
			);
			defaultConfigurationIsVisible = 0;
			defaultConfigurationName = Release;
		};
/* End XCConfigurationList section */
	};
	rootObject = A2CFB5732C22CDA400DB73B8 /* Project object */;
}
